
Microsoft Visual Studio Solution File, Format Version 12.00
# Visual Studio Version 17
VisualStudioVersion = 17.9.34701.34
MinimumVisualStudioVersion = 10.0.40219.1
Project("{FAE04EC0-301F-11D3-BF4B-00C04F79EFBC}") = "PRJabretelas", "PRJabretelas.csproj", "{2ACD4D52-1CC7-4574-9AC7-EE27A5679328}"
EndProject
Global
	GlobalSection(SolutionConfigurationPlatforms) = preSolution
		Debug|Any CPU = Debug|Any CPU
		Release|Any CPU = Release|Any CPU
	EndGlobalSection
	GlobalSection(ProjectConfigurationPlatforms) = postSolution
		{2ACD4D52-1CC7-4574-9AC7-EE27A5679328}.Debug|Any CPU.ActiveCfg = Debug|Any CPU
		{2ACD4D52-1CC7-4574-9AC7-EE27A5679328}.Debug|Any CPU.Build.0 = Debug|Any CPU
		{2ACD4D52-1CC7-4574-9AC7-EE27A5679328}.Release|Any CPU.ActiveCfg = Release|Any CPU
		{2ACD4D52-1CC7-4574-9AC7-EE27A5679328}.Release|Any CPU.Build.0 = Release|Any CPU
	EndGlobalSection
	GlobalSection(SolutionProperties) = preSolution
		HideSolutionNode = FALSE
	EndGlobalSection
	GlobalSection(ExtensibilityGlobals) = postSolution
		SolutionGuid = {514EF2A2-F585-4D98-8F06-0D5AC0B852F2}
	EndGlobalSection
EndGlobal
