
Microsoft Visual Studio Solution File, Format Version 12.00
# Visual Studio 14
VisualStudioVersion = 14.0.25420.1
MinimumVisualStudioVersion = 10.0.40219.1
Project("{FAE04EC0-301F-11D3-BF4B-00C04F79EFBC}") = "Atividade avaliativa - DS3", "Atividade avaliativa - DS3\Atividade avaliativa - DS3.csproj", "{ED03A90C-3807-46B2-976A-4E599AFF0990}"
EndProject
Global
	GlobalSection(SolutionConfigurationPlatforms) = preSolution
		Debug|Any CPU = Debug|Any CPU
		Release|Any CPU = Release|Any CPU
	EndGlobalSection
	GlobalSection(ProjectConfigurationPlatforms) = postSolution
		{ED03A90C-3807-46B2-976A-4E599AFF0990}.Debug|Any CPU.ActiveCfg = Debug|Any CPU
		{ED03A90C-3807-46B2-976A-4E599AFF0990}.Debug|Any CPU.Build.0 = Debug|Any CPU
		{ED03A90C-3807-46B2-976A-4E599AFF0990}.Release|Any CPU.ActiveCfg = Release|Any CPU
		{ED03A90C-3807-46B2-976A-4E599AFF0990}.Release|Any CPU.Build.0 = Release|Any CPU
	EndGlobalSection
	GlobalSection(SolutionProperties) = preSolution
		HideSolutionNode = FALSE
	EndGlobalSection
EndGlobal
