
Microsoft Visual Studio Solution File, Format Version 12.00
# Visual Studio Version 17
VisualStudioVersion = 17.9.34701.34
MinimumVisualStudioVersion = 10.0.40219.1
Project("{FAE04EC0-301F-11D3-BF4B-00C04F79EFBC}") = "Quizz3", "Quizz3.csproj", "{90953711-06A3-466F-8C81-F0931AFE96CE}"
EndProject
Global
	GlobalSection(SolutionConfigurationPlatforms) = preSolution
		Debug|Any CPU = Debug|Any CPU
		Release|Any CPU = Release|Any CPU
	EndGlobalSection
	GlobalSection(ProjectConfigurationPlatforms) = postSolution
		{90953711-06A3-466F-8C81-F0931AFE96CE}.Debug|Any CPU.ActiveCfg = Debug|Any CPU
		{90953711-06A3-466F-8C81-F0931AFE96CE}.Debug|Any CPU.Build.0 = Debug|Any CPU
		{90953711-06A3-466F-8C81-F0931AFE96CE}.Release|Any CPU.ActiveCfg = Release|Any CPU
		{90953711-06A3-466F-8C81-F0931AFE96CE}.Release|Any CPU.Build.0 = Release|Any CPU
	EndGlobalSection
	GlobalSection(SolutionProperties) = preSolution
		HideSolutionNode = FALSE
	EndGlobalSection
	GlobalSection(ExtensibilityGlobals) = postSolution
		SolutionGuid = {ABF592FE-8ABC-48EC-9624-068E94731BB2}
	EndGlobalSection
EndGlobal
